
Microsoft Visual Studio Solution File, Format Version 12.00
# Visual Studio Version 16
VisualStudioVersion = 16.0.30413.136
MinimumVisualStudioVersion = 10.0.40219.1
Project("{FAE04EC0-301F-11D3-BF4B-00C04F79EFBC}") = "GoodKnight", "GoodKnight\GoodKnight.csproj", "{F394481C-E66D-4860-A717-DF6296FC1E49}"
EndProject
Global
	GlobalSection(SolutionConfigurationPlatforms) = preSolution
		Debug|Any CPU = Debug|Any CPU
		Release|Any CPU = Release|Any CPU
	EndGlobalSection
	GlobalSection(ProjectConfigurationPlatforms) = postSolution
		{F394481C-E66D-4860-A717-DF6296FC1E49}.Debug|Any CPU.ActiveCfg = Debug|Any CPU
		{F394481C-E66D-4860-A717-DF6296FC1E49}.Debug|Any CPU.Build.0 = Debug|Any CPU
		{F394481C-E66D-4860-A717-DF6296FC1E49}.Release|Any CPU.ActiveCfg = Release|Any CPU
		{F394481C-E66D-4860-A717-DF6296FC1E49}.Release|Any CPU.Build.0 = Release|Any CPU
	EndGlobalSection
	GlobalSection(SolutionProperties) = preSolution
		HideSolutionNode = FALSE
	EndGlobalSection
	GlobalSection(ExtensibilityGlobals) = postSolution
		SolutionGuid = {EABF9228-5A96-4333-A011-FBA032E417B3}
	EndGlobalSection
EndGlobal
